<Project xmlns="http://schemas.microsoft.com/developer/msbuild/2003">
    <PropertyGroup>
        <ProjectGuid>{A4292618-8F43-4729-815D-38C4A08C61C4}</ProjectGuid>
        <MainSource>GoMedia2017.dpr</MainSource>
        <Base>True</Base>
        <Config Condition="'$(Config)'==''">Debug</Config>
        <TargetedPlatforms>1</TargetedPlatforms>
        <AppType>Application</AppType>
        <FrameworkType>VCL</FrameworkType>
        <ProjectVersion>15.4</ProjectVersion>
        <Platform Condition="'$(Platform)'==''">Win32</Platform>
    </PropertyGroup>
    <PropertyGroup Condition="'$(Config)'=='Base' or '$(Base)'!=''">
        <Base>true</Base>
    </PropertyGroup>
    <PropertyGroup Condition="('$(Platform)'=='Win32' and '$(Base)'=='true') or '$(Base_Win32)'!=''">
        <Base_Win32>true</Base_Win32>
        <CfgParent>Base</CfgParent>
        <Base>true</Base>
    </PropertyGroup>
    <PropertyGroup Condition="('$(Platform)'=='Win64' and '$(Base)'=='true') or '$(Base_Win64)'!=''">
        <Base_Win64>true</Base_Win64>
        <CfgParent>Base</CfgParent>
        <Base>true</Base>
    </PropertyGroup>
    <PropertyGroup Condition="'$(Config)'=='Release' or '$(Cfg_1)'!=''">
        <Cfg_1>true</Cfg_1>
        <CfgParent>Base</CfgParent>
        <Base>true</Base>
    </PropertyGroup>
    <PropertyGroup Condition="('$(Platform)'=='Win32' and '$(Cfg_1)'=='true') or '$(Cfg_1_Win32)'!=''">
        <Cfg_1_Win32>true</Cfg_1_Win32>
        <CfgParent>Cfg_1</CfgParent>
        <Cfg_1>true</Cfg_1>
        <Base>true</Base>
    </PropertyGroup>
    <PropertyGroup Condition="'$(Config)'=='Debug' or '$(Cfg_2)'!=''">
        <Cfg_2>true</Cfg_2>
        <CfgParent>Base</CfgParent>
        <Base>true</Base>
    </PropertyGroup>
    <PropertyGroup Condition="('$(Platform)'=='Win32' and '$(Cfg_2)'=='true') or '$(Cfg_2_Win32)'!=''">
        <Cfg_2_Win32>true</Cfg_2_Win32>
        <CfgParent>Cfg_2</CfgParent>
        <Cfg_2>true</Cfg_2>
        <Base>true</Base>
    </PropertyGroup>
    <PropertyGroup Condition="'$(Base)'!=''">
        <SanitizedProjectName>GoMedia2017</SanitizedProjectName>
        <DCC_DebugInformation>true</DCC_DebugInformation>
        <DCC_F>false</DCC_F>
        <DCC_S>false</DCC_S>
        <DCC_K>false</DCC_K>
        <DCC_E>false</DCC_E>
        <DCC_ImageBase>00400000</DCC_ImageBase>
        <DCC_Namespace>Vcl;Vcl.Imaging;Vcl.Touch;Vcl.Samples;Vcl.Shell;System;Xml;Data;Datasnap;Web;Soap;Winapi;Datasnap.Win;Bde;System.Win;$(DCC_Namespace)</DCC_Namespace>
        <VerInfo_Keys>CompanyName=;FileDescription=;FileVersion=1.0.0.0;InternalName=;LegalCopyright=;LegalTrademarks=;OriginalFilename=;ProductName=;ProductVersion=1.0.0.0;Comments=;CFBundleName=;CFBundleDisplayName=;UIDeviceFamily=;CFBundleIdentifier=;CFBundleVersion=;CFBundlePackageType=;CFBundleSignature=;CFBundleAllowMixedLocalizations=;UISupportedInterfaceOrientations=;CFBundleExecutable=;CFBundleResourceSpecification=;LSRequiresIPhoneOS=;CFBundleInfoDictionaryVersion=;CFBundleDevelopmentRegion=;package=;label=;versionCode=;versionName=;persistent=;restoreAnyVersion=;installLocation=;largeHeap=;theme=</VerInfo_Keys>
        <DCC_N>false</DCC_N>
        <VerInfo_Locale>2060</VerInfo_Locale>
    </PropertyGroup>
    <PropertyGroup Condition="'$(Base_Win32)'!=''">
        <VerInfo_Keys>CompanyName=;FileDescription=;FileVersion=1.0.0.0;InternalName=;LegalCopyright=;LegalTrademarks=;OriginalFilename=;ProductName=;ProductVersion=1.0.0.0;Comments=</VerInfo_Keys>
        <Icon_MainIcon>GoMedia2014_Icon.ico</Icon_MainIcon>
        <VerInfo_IncludeVerInfo>true</VerInfo_IncludeVerInfo>
        <Manifest_File>$(BDS)\bin\default_app.manifest</Manifest_File>
        <DCC_Namespace>Data.Win;Web.Win;Soap.Win;Xml.Win;$(DCC_Namespace)</DCC_Namespace>
        <VerInfo_Locale>1033</VerInfo_Locale>
    </PropertyGroup>
    <PropertyGroup Condition="'$(Base_Win64)'!=''">
        <Icon_MainIcon>GoMedia2014_Icon.ico</Icon_MainIcon>
        <Manifest_File>$(BDS)\bin\default_app.manifest</Manifest_File>
    </PropertyGroup>
    <PropertyGroup Condition="'$(Cfg_1)'!=''">
        <DCC_LocalDebugSymbols>false</DCC_LocalDebugSymbols>
        <DCC_DebugInformation>0</DCC_DebugInformation>
        <DCC_Define>RELEASE;$(DCC_Define)</DCC_Define>
        <DCC_SymbolReferenceInfo>0</DCC_SymbolReferenceInfo>
    </PropertyGroup>
    <PropertyGroup Condition="'$(Cfg_1_Win32)'!=''">
        <VerInfo_Locale>1033</VerInfo_Locale>
        <VerInfo_Keys>CompanyName=;FileDescription=;FileVersion=1.0.0.0;InternalName=;LegalCopyright=;LegalTrademarks=;OriginalFilename=;ProductName=;ProductVersion=1.0.0.0;Comments=</VerInfo_Keys>
        <VerInfo_IncludeVerInfo>true</VerInfo_IncludeVerInfo>
    </PropertyGroup>
    <PropertyGroup Condition="'$(Cfg_2)'!=''">
        <DCC_GenerateStackFrames>true</DCC_GenerateStackFrames>
        <DCC_Optimize>false</DCC_Optimize>
        <DCC_Define>DEBUG;$(DCC_Define)</DCC_Define>
    </PropertyGroup>
    <PropertyGroup Condition="'$(Cfg_2_Win32)'!=''">
        <DCC_MapFile>3</DCC_MapFile>
        <DCC_DebugInformation>2</DCC_DebugInformation>
        <Icon_MainIcon>GoMedia2015_Icon1.ico</Icon_MainIcon>
        <VerInfo_MajorVer>17</VerInfo_MajorVer>
        <VerInfo_IncludeVerInfo>true</VerInfo_IncludeVerInfo>
        <VerInfo_Locale>1033</VerInfo_Locale>
        <DCC_ExeOutput>C:\Users\david\OneDrive - CLD Distribution\RAD Studio\Projects\Gomedia2016\release\</DCC_ExeOutput>
        <VerInfo_Keys>CompanyName=;FileDescription=;FileVersion=17.0.0.0;InternalName=;LegalCopyright=;LegalTrademarks=;OriginalFilename=;ProductName=;ProductVersion=1.0.0.0;Comments=</VerInfo_Keys>
    </PropertyGroup>
    <ItemGroup>
        <DelphiCompile Include="$(MainSource)">
            <MainSource>MainSource</MainSource>
        </DelphiCompile>
        <RcCompile Include="GoMedia2015Resource.rc">
            <Form>GoMedia2015Resource.res</Form>
        </RcCompile>
        <DCCReference Include="units\DavidUtilsunit.pas"/>
        <DCCReference Include="formsunits\ClientDMunit.pas">
            <Form>SSL</Form>
            <DesignClass>TDataModule</DesignClass>
        </DCCReference>
        <DCCReference Include="formsunits\SaleExecFRMunit.pas">
            <Form>FormProcessSale</Form>
        </DCCReference>
        <DCCReference Include="formsunits\StockCheckFrmUnit.pas">
            <Form>StockCheckForm</Form>
        </DCCReference>
        <DCCReference Include="formsunits\ChangePriceFRMUnit.pas">
            <Form>ChangePriceForm</Form>
        </DCCReference>
        <DCCReference Include="formsunits\DebugFRMUnit.pas">
            <Form>Debug</Form>
        </DCCReference>
        <DCCReference Include="formsunits\ReportModuleUnit.pas">
            <Form>ReportModule</Form>
            <DesignClass>TDataModule</DesignClass>
        </DCCReference>
        <DCCReference Include="formsunits\NewProdFRMUnit.pas">
            <Form>Newproductform</Form>
        </DCCReference>
        <DCCReference Include="formsunits\LoginFRMUnit.pas">
            <Form>LoginForm</Form>
        </DCCReference>
        <DCCReference Include="formsunits\RepairNewFRMUnit.pas">
            <Form>RepairNewForm</Form>
        </DCCReference>
        <DCCReference Include="formsunits\RepairFixFRMUnit.pas">
            <Form>RepairFixForm</Form>
        </DCCReference>
        <DCCReference Include="formsunits\RepairReturnFRMUnit.pas">
            <Form>RepairReturnForm</Form>
        </DCCReference>
        <DCCReference Include="formsunits\DialogChangeEANFRMUnit.pas">
            <Form>ChangeEANForm</Form>
        </DCCReference>
        <DCCReference Include="formsunits\DialogRefundFRMUnit.pas">
            <Form>RefundForm</Form>
        </DCCReference>
        <DCCReference Include="formsunits\DialogCancelSalesFRMUnit.pas">
            <Form>CancelSalesForm</Form>
        </DCCReference>
        <DCCReference Include="units\Threadsunit.pas"/>
        <DCCReference Include="formsunits\EnterLibFRMUnit.pas">
            <Form>FormEnterLibrary</Form>
        </DCCReference>
        <DCCReference Include="formsunits\ExitLibFRMUnit.pas">
            <Form>FormExitLibrary</Form>
        </DCCReference>
        <DCCReference Include="formsunits\RentProcessFRMUnit.pas">
            <Form>FormProcessRent</Form>
        </DCCReference>
        <DCCReference Include="formsunits\SalesCorrectFRMUnit.pas">
            <Form>SalesCorrectForm</Form>
        </DCCReference>
        <DCCReference Include="formsunits\InvoiceBatchPrintFRMUnit.pas">
            <Form>InvoiceBatchPrintForm</Form>
        </DCCReference>
        <DCCReference Include="formsunits\dtFormSetup.pas">
            <Form>dtSetupForm</Form>
        </DCCReference>
        <DCCReference Include="formsunits\CancelInvoiceItemFRMUnit.pas">
            <Form>InvoicesCancelItemForm</Form>
        </DCCReference>
        <DCCReference Include="formsunits\CashRegistryFRMUnit.pas">
            <Form>FormCashRegister</Form>
        </DCCReference>
        <DCCReference Include="formsunits\RpFormStatus.pas">
            <Form>RPStatusForm</Form>
        </DCCReference>
        <DCCReference Include="units\SMS_COMAPILib_TLB.pas"/>
        <DCCReference Include="units\GlobalsUnit.pas"/>
        <DCCReference Include="units\WinbooksExport.pas"/>
        <DCCReference Include="formsunits\ExportWinbooksFRMUnit.pas">
            <Form>FormExportWinbooks</Form>
        </DCCReference>
        <DCCReference Include="units\CheckPrevious.pas"/>
        <DCCReference Include="formsunits\ProductSalesHistoryUnit.pas">
            <Form>FormProductSaleHistory</Form>
        </DCCReference>
        <DCCReference Include="formsunits\ChangeInvoiceFRMUnit.pas">
            <Form>FormChangeInvoice</Form>
        </DCCReference>
        <DCCReference Include="formsunits\DialogSearchCustFRMUnit.Pas">
            <Form>FormSelectCust</Form>
        </DCCReference>
        <DCCReference Include="formsunits\DacalEmptyUnsoldFRMUnit.pas">
            <Form>FormDacalEmptyUnsold</Form>
        </DCCReference>
        <DCCReference Include="formsunits\OrderCheckFRMUnit.pas">
            <Form>OrderCheckForm</Form>
        </DCCReference>
        <DCCReference Include="formsunits\TransferRequestFRMUnit.pas">
            <Form>TransferRequestFrom</Form>
        </DCCReference>
        <DCCReference Include="formsunits\DialogSmsSendFRMUnit.pas">
            <Form>DlgSmsSend</Form>
        </DCCReference>
        <DCCReference Include="formsunits\CashFRMUnit.pas">
            <Form>FormCashClose</Form>
        </DCCReference>
        <DCCReference Include="formsunits\ReorderFRMUnit.pas">
            <Form>ReorderForm</Form>
        </DCCReference>
        <DCCReference Include="formsunits\DialogAddFundFRMUnit.pas">
            <Form>AddFundForm</Form>
        </DCCReference>
        <DCCReference Include="formsunits\RpFormPreviewCustom.pas">
            <Form>DavPreviewForm</Form>
        </DCCReference>
        <DCCReference Include="formsunits\DialogRentExtend.pas">
            <Form>FormRentExtend</Form>
        </DCCReference>
        <DCCReference Include="formsunits\UnitFRMDacalSearch.pas">
            <Form>FormDacalSearch</Form>
        </DCCReference>
        <DCCReference Include="units\WinbooksOfficeApi_TLB.pas"/>
        <DCCReference Include="formsunits\CustomerDisplayFRMUnit.pas">
            <Form>FormCustomerDisplay</Form>
        </DCCReference>
        <DCCReference Include="units\jpeglist.pas"/>
        <DCCReference Include="units\Phidget21COM_TLB.pas"/>
        <DCCReference Include="formsunits\UnitFormLog.pas">
            <Form>FormLog</Form>
        </DCCReference>
        <DCCReference Include="formsunits\ServerModuleGLight.pas">
            <Form>DSServerModuleRFIDPanel</Form>
            <DesignClass>TDSServerModule</DesignClass>
        </DCCReference>
        <DCCReference Include="units\FTPConn.pas"/>
        <DCCReference Include="formsunits\TransferSuggestFRMUnit.pas">
            <Form>TransferSuggest</Form>
        </DCCReference>
        <DCCReference Include="formsunits\ReportSQLForm.pas">
            <Form>ReportSQL</Form>
        </DCCReference>
        <DCCReference Include="formsunits\CheckLibFRMUnit.pas">
            <Form>FormCheckLib</Form>
        </DCCReference>
        <DCCReference Include="formsunits\ReconcileFRMUnit.pas">
            <Form>ReconcileErrorForm</Form>
        </DCCReference>
        <DCCReference Include="formsunits\MainFRMUnit.PAS">
            <Form>MainForm</Form>
        </DCCReference>
        <DCCReference Include="units\catalog.pas"/>
        <DCCReference Include="units\COPTRLib_TLB.pas"/>
        <DCCReference Include="units\uRijndael.pas"/>
        <DCCReference Include="units\EIDLIBCTRLLib_TLB.pas"/>
        <DCCReference Include="units\DLLsucdapi.pas"/>
        <DCCReference Include="units\wgssSTU_TLB.pas"/>
        <DCCReference Include="formsunits\SignatureForm.pas">
            <Form>FormSign</Form>
        </DCCReference>
        <DCCReference Include="units\esd.pas"/>
        <DCCReference Include="units\uLkJSON.pas"/>
        <DCCReference Include="units\QExport4DBFPATCH.pas"/>
        <RcItem Include="windaVinciClose.wav">
            <ContainerId>ResourceItem</ContainerId>
            <ResourceType>RCDATA</ResourceType>
            <ResourceId>ErrorSnd</ResourceId>
        </RcItem>
        <RcItem Include="winNatureError.wav">
            <ContainerId>ResourceItem</ContainerId>
            <ResourceType>RCDATA</ResourceType>
            <ResourceId>OkSnd</ResourceId>
        </RcItem>
        <BuildConfiguration Include="Debug">
            <Key>Cfg_2</Key>
            <CfgParent>Base</CfgParent>
        </BuildConfiguration>
        <BuildConfiguration Include="Base">
            <Key>Base</Key>
        </BuildConfiguration>
        <BuildConfiguration Include="Release">
            <Key>Cfg_1</Key>
            <CfgParent>Base</CfgParent>
        </BuildConfiguration>
    </ItemGroup>
    <ProjectExtensions>
        <Borland.Personality>Delphi.Personality.12</Borland.Personality>
        <Borland.ProjectType/>
        <BorlandProject>
            <Delphi.Personality>
                <Source>
                    <Source Name="MainSource">GoMedia2017.dpr</Source>
                </Source>
                <VersionInfo>
                    <VersionInfo Name="IncludeVerInfo">False</VersionInfo>
                    <VersionInfo Name="AutoIncBuild">False</VersionInfo>
                    <VersionInfo Name="MajorVer">1</VersionInfo>
                    <VersionInfo Name="MinorVer">0</VersionInfo>
                    <VersionInfo Name="Release">0</VersionInfo>
                    <VersionInfo Name="Build">0</VersionInfo>
                    <VersionInfo Name="Debug">False</VersionInfo>
                    <VersionInfo Name="PreRelease">False</VersionInfo>
                    <VersionInfo Name="Special">False</VersionInfo>
                    <VersionInfo Name="Private">False</VersionInfo>
                    <VersionInfo Name="DLL">False</VersionInfo>
                    <VersionInfo Name="Locale">2060</VersionInfo>
                    <VersionInfo Name="CodePage">1252</VersionInfo>
                </VersionInfo>
                <VersionInfoKeys>
                    <VersionInfoKeys Name="CompanyName"/>
                    <VersionInfoKeys Name="FileDescription"/>
                    <VersionInfoKeys Name="FileVersion">1.0.0.0</VersionInfoKeys>
                    <VersionInfoKeys Name="InternalName"/>
                    <VersionInfoKeys Name="LegalCopyright"/>
                    <VersionInfoKeys Name="LegalTrademarks"/>
                    <VersionInfoKeys Name="OriginalFilename"/>
                    <VersionInfoKeys Name="ProductName"/>
                    <VersionInfoKeys Name="ProductVersion">1.0.0.0</VersionInfoKeys>
                    <VersionInfoKeys Name="Comments"/>
                    <VersionInfoKeys Name="CFBundleName"/>
                    <VersionInfoKeys Name="CFBundleDisplayName"/>
                    <VersionInfoKeys Name="UIDeviceFamily"/>
                    <VersionInfoKeys Name="CFBundleIdentifier"/>
                    <VersionInfoKeys Name="CFBundleVersion"/>
                    <VersionInfoKeys Name="CFBundlePackageType"/>
                    <VersionInfoKeys Name="CFBundleSignature"/>
                    <VersionInfoKeys Name="CFBundleAllowMixedLocalizations"/>
                    <VersionInfoKeys Name="UISupportedInterfaceOrientations"/>
                    <VersionInfoKeys Name="CFBundleExecutable"/>
                    <VersionInfoKeys Name="CFBundleResourceSpecification"/>
                    <VersionInfoKeys Name="LSRequiresIPhoneOS"/>
                    <VersionInfoKeys Name="CFBundleInfoDictionaryVersion"/>
                    <VersionInfoKeys Name="CFBundleDevelopmentRegion"/>
                    <VersionInfoKeys Name="package"/>
                    <VersionInfoKeys Name="label"/>
                    <VersionInfoKeys Name="versionCode"/>
                    <VersionInfoKeys Name="versionName"/>
                    <VersionInfoKeys Name="persistent"/>
                    <VersionInfoKeys Name="restoreAnyVersion"/>
                    <VersionInfoKeys Name="installLocation"/>
                    <VersionInfoKeys Name="largeHeap"/>
                    <VersionInfoKeys Name="theme"/>
                </VersionInfoKeys>
                <Excluded_Packages>
                    <Excluded_Packages Name="$(BDSBIN)\dcloffice2k200.bpl">Microsoft Office 2000 Sample Automation Server Wrapper Components</Excluded_Packages>
                    <Excluded_Packages Name="$(BDSBIN)\dclofficexp200.bpl">Microsoft Office XP Sample Automation Server Wrapper Components</Excluded_Packages>
                </Excluded_Packages>
            </Delphi.Personality>
            <Platforms>
                <Platform value="Android">False</Platform>
                <Platform value="Win32">True</Platform>
                <Platform value="Win64">False</Platform>
            </Platforms>
        </BorlandProject>
        <ProjectFileVersion>12</ProjectFileVersion>
    </ProjectExtensions>
    <Import Project="$(BDS)\Bin\CodeGear.Delphi.Targets" Condition="Exists('$(BDS)\Bin\CodeGear.Delphi.Targets')"/>
    <Import Project="$(APPDATA)\Embarcadero\$(BDSAPPDATABASEDIR)\$(PRODUCTVERSION)\UserTools.proj" Condition="Exists('$(APPDATA)\Embarcadero\$(BDSAPPDATABASEDIR)\$(PRODUCTVERSION)\UserTools.proj')"/>
</Project>
